
Microsoft Visual Studio Solution File, Format Version 12.00
# Visual Studio Version 17
VisualStudioVersion = 17.9.34607.119
MinimumVisualStudioVersion = 10.0.40219.1
Project("{9A19103F-16F7-4668-BE54-9A1E7A4F7556}") = "SysComercio", "SysComercio\SysComercio.csproj", "{7D549767-F79F-4FF8-9A13-3C46E9F7EBA8}"
EndProject
Project("{9A19103F-16F7-4668-BE54-9A1E7A4F7556}") = "CamadaNegocio", "CamadaNegocio\CamadaNegocio.csproj", "{69CFB3EA-0F28-4282-9326-531E6D839D88}"
EndProject
Project("{9A19103F-16F7-4668-BE54-9A1E7A4F7556}") = "CamadaDados", "CamadaDados\CamadaDados.csproj", "{07E83B45-1C37-492B-B068-B7159B7927DF}"
EndProject
Project("{FAE04EC0-301F-11D3-BF4B-00C04F79EFBC}") = "CamadaApresentacao", "CamadaApresentacao\CamadaApresentacao.csproj", "{6067ECF1-368B-4C22-8E7E-5BB8445F4804}"
EndProject
Global
	GlobalSection(SolutionConfigurationPlatforms) = preSolution
		Debug|Any CPU = Debug|Any CPU
		Release|Any CPU = Release|Any CPU
	EndGlobalSection
	GlobalSection(ProjectConfigurationPlatforms) = postSolution
		{7D549767-F79F-4FF8-9A13-3C46E9F7EBA8}.Debug|Any CPU.ActiveCfg = Debug|Any CPU
		{7D549767-F79F-4FF8-9A13-3C46E9F7EBA8}.Debug|Any CPU.Build.0 = Debug|Any CPU
		{7D549767-F79F-4FF8-9A13-3C46E9F7EBA8}.Release|Any CPU.ActiveCfg = Release|Any CPU
		{7D549767-F79F-4FF8-9A13-3C46E9F7EBA8}.Release|Any CPU.Build.0 = Release|Any CPU
		{69CFB3EA-0F28-4282-9326-531E6D839D88}.Debug|Any CPU.ActiveCfg = Debug|Any CPU
		{69CFB3EA-0F28-4282-9326-531E6D839D88}.Debug|Any CPU.Build.0 = Debug|Any CPU
		{69CFB3EA-0F28-4282-9326-531E6D839D88}.Release|Any CPU.ActiveCfg = Release|Any CPU
		{69CFB3EA-0F28-4282-9326-531E6D839D88}.Release|Any CPU.Build.0 = Release|Any CPU
		{07E83B45-1C37-492B-B068-B7159B7927DF}.Debug|Any CPU.ActiveCfg = Debug|Any CPU
		{07E83B45-1C37-492B-B068-B7159B7927DF}.Debug|Any CPU.Build.0 = Debug|Any CPU
		{07E83B45-1C37-492B-B068-B7159B7927DF}.Release|Any CPU.ActiveCfg = Release|Any CPU
		{07E83B45-1C37-492B-B068-B7159B7927DF}.Release|Any CPU.Build.0 = Release|Any CPU
		{6067ECF1-368B-4C22-8E7E-5BB8445F4804}.Debug|Any CPU.ActiveCfg = Debug|Any CPU
		{6067ECF1-368B-4C22-8E7E-5BB8445F4804}.Debug|Any CPU.Build.0 = Debug|Any CPU
		{6067ECF1-368B-4C22-8E7E-5BB8445F4804}.Release|Any CPU.ActiveCfg = Release|Any CPU
		{6067ECF1-368B-4C22-8E7E-5BB8445F4804}.Release|Any CPU.Build.0 = Release|Any CPU
	EndGlobalSection
	GlobalSection(SolutionProperties) = preSolution
		HideSolutionNode = FALSE
	EndGlobalSection
	GlobalSection(ExtensibilityGlobals) = postSolution
		SolutionGuid = {68189793-2922-4BA7-87D5-BD0D0EE6BFC6}
	EndGlobalSection
EndGlobal
